
Microsoft Visual Studio Solution File, Format Version 12.00
# Visual Studio 15
VisualStudioVersion = 15.0.28010.2048
MinimumVisualStudioVersion = 10.0.40219.1
Project("{FAE04EC0-301F-11D3-BF4B-00C04F79EFBC}") = "FakeStoreTests", "FakeStoreTests\FakeStoreTests.csproj", "{49D95D42-3676-427C-BBBB-8AF7DFBB2EAF}"
EndProject
Project("{FAE04EC0-301F-11D3-BF4B-00C04F79EFBC}") = "Framework", "Framework\Framework.csproj", "{F3FA09BB-BE7F-4907-8BF6-8E0EE6B0CBE6}"
EndProject
Global
	GlobalSection(SolutionConfigurationPlatforms) = preSolution
		Debug|Any CPU = Debug|Any CPU
		Release|Any CPU = Release|Any CPU
	EndGlobalSection
	GlobalSection(ProjectConfigurationPlatforms) = postSolution
		{49D95D42-3676-427C-BBBB-8AF7DFBB2EAF}.Debug|Any CPU.ActiveCfg = Debug|Any CPU
		{49D95D42-3676-427C-BBBB-8AF7DFBB2EAF}.Debug|Any CPU.Build.0 = Debug|Any CPU
		{49D95D42-3676-427C-BBBB-8AF7DFBB2EAF}.Release|Any CPU.ActiveCfg = Release|Any CPU
		{49D95D42-3676-427C-BBBB-8AF7DFBB2EAF}.Release|Any CPU.Build.0 = Release|Any CPU
		{F3FA09BB-BE7F-4907-8BF6-8E0EE6B0CBE6}.Debug|Any CPU.ActiveCfg = Debug|Any CPU
		{F3FA09BB-BE7F-4907-8BF6-8E0EE6B0CBE6}.Debug|Any CPU.Build.0 = Debug|Any CPU
		{F3FA09BB-BE7F-4907-8BF6-8E0EE6B0CBE6}.Release|Any CPU.ActiveCfg = Release|Any CPU
		{F3FA09BB-BE7F-4907-8BF6-8E0EE6B0CBE6}.Release|Any CPU.Build.0 = Release|Any CPU
	EndGlobalSection
	GlobalSection(SolutionProperties) = preSolution
		HideSolutionNode = FALSE
	EndGlobalSection
	GlobalSection(ExtensibilityGlobals) = postSolution
		SolutionGuid = {49EC42DC-C9C3-4000-9871-E5402CEDECD4}
	EndGlobalSection
EndGlobal
